{
  "version": 4,
  "terraform_version": "1.7.4",
  "serial": 26,
  "lineage": "fc1cb049-673a-cb63-8202-ca8bcc99ae97",
  "outputs": {},
  "resources": [
    {
      "mode": "managed",
      "type": "azurerm_resource_group",
      "name": "rg",
      "provider": "provider[\"registry.terraform.io/hashicorp/azurerm\"]",
      "instances": [
        {
          "schema_version": 0,
          "attributes": {
            "id": "/subscriptions/75223151-1800-43db-a8f3-b7fe605d3385/resourceGroups/non-prodcloudscapperrg",
            "location": "northeurope",
            "managed_by": "",
            "name": "non-prodcloudscapperrg",
            "tags": {
              "CreatedBy": "ankit1@tothenew.com"
            },
            "timeouts": null
          },
          "sensitive_attributes": [],
          "private": "eyJlMmJmYjczMC1lY2FhLTExZTYtOGY4OC0zNDM2M2JjN2M0YzAiOnsiY3JlYXRlIjo1NDAwMDAwMDAwMDAwLCJkZWxldGUiOjU0MDAwMDAwMDAwMDAsInJlYWQiOjMwMDAwMDAwMDAwMCwidXBkYXRlIjo1NDAwMDAwMDAwMDAwfX0="
        }
      ]
    },
    {
      "module": "module.log_analytics",
      "mode": "managed",
      "type": "azurerm_log_analytics_workspace",
      "name": "log_analytics_wname",
      "provider": "provider[\"registry.terraform.io/hashicorp/azurerm\"]",
      "instances": [
        {
          "schema_version": 3,
          "attributes": {
            "allow_resource_only_permissions": true,
            "cmk_for_query_forced": false,
            "daily_quota_gb": -1,
            "data_collection_rule_id": "",
            "id": "/subscriptions/75223151-1800-43db-a8f3-b7fe605d3385/resourceGroups/non-prodcloudscapperrg/providers/Microsoft.OperationalInsights/workspaces/non-prodcloudscapper-log",
            "identity": [],
            "immediate_data_purge_on_30_days_enabled": false,
            "internet_ingestion_enabled": true,
            "internet_query_enabled": true,
            "local_authentication_disabled": true,
            "location": "northeurope",
            "name": "non-prodcloudscapper-log",
            "primary_shared_key": "tmOcdRgpczqySrjY1NtyAFZAOyd/litDUsMz2buVeiOWKAdT7H8jcHF2ctX2xEvs+MmNt9b2DeVZS5eOdqRgRQ==",
            "reservation_capacity_in_gb_per_day": null,
            "resource_group_name": "non-prodcloudscapperrg",
            "retention_in_days": 90,
            "secondary_shared_key": "rYUlAkE38VBCFUQPo10j6YrvW1mJwyx43iQmtWHg6fj/FnnOwPqvmev5v77Sf+5zwoy4twrAcAdUCdT39Ojqrg==",
            "sku": "PerGB2018",
            "tags": {
              "CreatedBy": "Terraform",
              "Name": "default",
              "Scope": "ACI"
            },
            "timeouts": null,
            "workspace_id": "7d0007e4-e00b-4539-accf-0a2938c6b9b7"
          },
          "sensitive_attributes": [],
          "private": "eyJlMmJmYjczMC1lY2FhLTExZTYtOGY4OC0zNDM2M2JjN2M0YzAiOnsiY3JlYXRlIjoxODAwMDAwMDAwMDAwLCJkZWxldGUiOjE4MDAwMDAwMDAwMDAsInJlYWQiOjMwMDAwMDAwMDAwMCwidXBkYXRlIjoxODAwMDAwMDAwMDAwfSwic2NoZW1hX3ZlcnNpb24iOiIzIn0=",
          "dependencies": [
            "azurerm_resource_group.rg"
          ]
        }
      ]
    },
    {
      "module": "module.redis",
      "mode": "data",
      "type": "azurecaf_name",
      "name": "data_storage",
      "provider": "provider[\"registry.terraform.io/aztfmod/azurecaf\"]",
      "instances": [
        {
          "schema_version": 0,
          "attributes": {
            "clean_input": true,
            "id": "sttstingcloudscapper",
            "name": "tsting",
            "passthrough": false,
            "prefixes": [
              "redis"
            ],
            "random_length": 0,
            "random_seed": null,
            "resource_type": "azurerm_storage_account",
            "result": "sttstingcloudscapper",
            "separator": "-",
            "suffixes": [
              "cloudscapper",
              "northeurope",
              "non-prod"
            ],
            "use_slug": true
          },
          "sensitive_attributes": []
        }
      ]
    },
    {
      "module": "module.redis",
      "mode": "data",
      "type": "azurecaf_name",
      "name": "redis",
      "provider": "provider[\"registry.terraform.io/aztfmod/azurecaf\"]",
      "instances": [
        {
          "schema_version": 0,
          "attributes": {
            "clean_input": true,
            "id": "redis-tsting-cloudscapper-northeurope-non-prod",
            "name": "tsting",
            "passthrough": false,
            "prefixes": null,
            "random_length": 0,
            "random_seed": null,
            "resource_type": "azurerm_redis_cache",
            "result": "redis-tsting-cloudscapper-northeurope-non-prod",
            "separator": "-",
            "suffixes": [
              "cloudscapper",
              "northeurope",
              "non-prod"
            ],
            "use_slug": true
          },
          "sensitive_attributes": []
        }
      ]
    },
    {
      "module": "module.redis",
      "mode": "data",
      "type": "azurecaf_name",
      "name": "redis_fw_rule",
      "provider": "provider[\"registry.terraform.io/aztfmod/azurecaf\"]",
      "instances": [
        {
          "index_key": "0",
          "schema_version": 0,
          "attributes": {
            "clean_input": true,
            "id": "redisfwtstingcloudscappernortheuropenonprod0",
            "name": "tsting",
            "passthrough": false,
            "prefixes": null,
            "random_length": 0,
            "random_seed": null,
            "resource_type": "azurerm_redis_firewall_rule",
            "result": "redisfwtstingcloudscappernortheuropenonprod0",
            "separator": "-",
            "suffixes": [
              "cloudscapper",
              "northeurope",
              "non-prod",
              "0"
            ],
            "use_slug": true
          },
          "sensitive_attributes": []
        },
        {
          "index_key": "1",
          "schema_version": 0,
          "attributes": {
            "clean_input": true,
            "id": "redisfwtstingcloudscappernortheuropenonprod1",
            "name": "tsting",
            "passthrough": false,
            "prefixes": null,
            "random_length": 0,
            "random_seed": null,
            "resource_type": "azurerm_redis_firewall_rule",
            "result": "redisfwtstingcloudscappernortheuropenonprod1",
            "separator": "-",
            "suffixes": [
              "cloudscapper",
              "northeurope",
              "non-prod",
              "1"
            ],
            "use_slug": true
          },
          "sensitive_attributes": []
        }
      ]
    },
    {
      "module": "module.redis",
      "mode": "managed",
      "type": "azurerm_redis_cache",
      "name": "redis",
      "provider": "provider[\"registry.terraform.io/hashicorp/azurerm\"]",
      "instances": [
        {
          "schema_version": 1,
          "attributes": {
            "capacity": 2,
            "enable_non_ssl_port": false,
            "family": "C",
            "hostname": "redis-tsting-cloudscapper-northeurope-non-prod.redis.cache.windows.net",
            "id": "/subscriptions/75223151-1800-43db-a8f3-b7fe605d3385/resourceGroups/non-prodcloudscapperrg/providers/Microsoft.Cache/redis/redis-tsting-cloudscapper-northeurope-non-prod",
            "identity": [],
            "location": "northeurope",
            "minimum_tls_version": "1.2",
            "name": "redis-tsting-cloudscapper-northeurope-non-prod",
            "patch_schedule": [],
            "port": 6379,
            "primary_access_key": "ufbOb2zTSgXAQHJrgUm5d589VKN5fx1JfAzCaDPzDGc=",
            "primary_connection_string": "redis-tsting-cloudscapper-northeurope-non-prod.redis.cache.windows.net:6380,password=ufbOb2zTSgXAQHJrgUm5d589VKN5fx1JfAzCaDPzDGc=,ssl=true,abortConnect=False",
            "private_static_ip_address": "",
            "public_network_access_enabled": false,
            "redis_configuration": [
              {
                "active_directory_authentication_enabled": false,
                "aof_backup_enabled": false,
                "aof_storage_connection_string_0": "",
                "aof_storage_connection_string_1": "",
                "data_persistence_authentication_method": "SAS",
                "enable_authentication": true,
                "maxclients": 2000,
                "maxfragmentationmemory_reserved": 299,
                "maxmemory_delta": 299,
                "maxmemory_policy": "volatile-lru",
                "maxmemory_reserved": 299,
                "notify_keyspace_events": "",
                "rdb_backup_enabled": false,
                "rdb_backup_frequency": 0,
                "rdb_backup_max_snapshot_count": 0,
                "rdb_storage_connection_string": "",
                "storage_account_subscription_id": ""
              }
            ],
            "redis_version": "6.0",
            "replicas_per_master": 0,
            "replicas_per_primary": 0,
            "resource_group_name": "non-prodcloudscapperrg",
            "secondary_access_key": "KMfvgQu3bBkGdEmNm5UnpylpEXzz6ADvqAzCaJ0BUqo=",
            "secondary_connection_string": "redis-tsting-cloudscapper-northeurope-non-prod.redis.cache.windows.net:6380,password=KMfvgQu3bBkGdEmNm5UnpylpEXzz6ADvqAzCaJ0BUqo=,ssl=true,abortConnect=False",
            "shard_count": 0,
            "sku_name": "Basic",
            "ssl_port": 6380,
            "subnet_id": "",
            "tags": {
              "CreatedBy": "ankit1@tothenew.com",
              "env": "non-prod",
              "stack": "tsting"
            },
            "tenant_settings": null,
            "timeouts": null,
            "zones": null
          },
          "sensitive_attributes": [],
          "private": "eyJlMmJmYjczMC1lY2FhLTExZTYtOGY4OC0zNDM2M2JjN2M0YzAiOnsiY3JlYXRlIjo1NDAwMDAwMDAwMDAwLCJkZWxldGUiOjU0MDAwMDAwMDAwMDAsInJlYWQiOjMwMDAwMDAwMDAwMCwidXBkYXRlIjo1NDAwMDAwMDAwMDAwfSwic2NoZW1hX3ZlcnNpb24iOiIxIn0=",
          "dependencies": [
            "azurerm_resource_group.rg",
            "module.redis.azurerm_storage_account.redis_storage",
            "module.redis.data.azurecaf_name.data_storage",
            "module.redis.data.azurecaf_name.redis"
          ]
        }
      ]
    },
    {
      "module": "module.redis",
      "mode": "managed",
      "type": "azurerm_redis_firewall_rule",
      "name": "redis_fw_rule",
      "provider": "provider[\"registry.terraform.io/hashicorp/azurerm\"]",
      "instances": [
        {
          "index_key": "0",
          "schema_version": 1,
          "attributes": {
            "end_ip": "1.2.3.4",
            "id": "/subscriptions/75223151-1800-43db-a8f3-b7fe605d3385/resourceGroups/non-prodcloudscapperrg/providers/Microsoft.Cache/redis/redis-tsting-cloudscapper-northeurope-non-prod/firewallRules/redisfwtstingcloudscappernortheuropenonprod0",
            "name": "redisfwtstingcloudscappernortheuropenonprod0",
            "redis_cache_name": "redis-tsting-cloudscapper-northeurope-non-prod",
            "resource_group_name": "non-prodcloudscapperrg",
            "start_ip": "1.2.3.4",
            "timeouts": null
          },
          "sensitive_attributes": [],
          "private": "eyJlMmJmYjczMC1lY2FhLTExZTYtOGY4OC0zNDM2M2JjN2M0YzAiOnsiY3JlYXRlIjoxODAwMDAwMDAwMDAwLCJkZWxldGUiOjE4MDAwMDAwMDAwMDAsInJlYWQiOjMwMDAwMDAwMDAwMCwidXBkYXRlIjoxODAwMDAwMDAwMDAwfSwic2NoZW1hX3ZlcnNpb24iOiIxIn0=",
          "dependencies": [
            "azurerm_resource_group.rg",
            "module.redis.azurerm_redis_cache.redis",
            "module.redis.azurerm_storage_account.redis_storage",
            "module.redis.data.azurecaf_name.data_storage",
            "module.redis.data.azurecaf_name.redis",
            "module.redis.data.azurecaf_name.redis_fw_rule"
          ]
        },
        {
          "index_key": "1",
          "schema_version": 1,
          "attributes": {
            "end_ip": "5.6.255.255",
            "id": "/subscriptions/75223151-1800-43db-a8f3-b7fe605d3385/resourceGroups/non-prodcloudscapperrg/providers/Microsoft.Cache/redis/redis-tsting-cloudscapper-northeurope-non-prod/firewallRules/redisfwtstingcloudscappernortheuropenonprod1",
            "name": "redisfwtstingcloudscappernortheuropenonprod1",
            "redis_cache_name": "redis-tsting-cloudscapper-northeurope-non-prod",
            "resource_group_name": "non-prodcloudscapperrg",
            "start_ip": "5.6.0.0",
            "timeouts": null
          },
          "sensitive_attributes": [],
          "private": "eyJlMmJmYjczMC1lY2FhLTExZTYtOGY4OC0zNDM2M2JjN2M0YzAiOnsiY3JlYXRlIjoxODAwMDAwMDAwMDAwLCJkZWxldGUiOjE4MDAwMDAwMDAwMDAsInJlYWQiOjMwMDAwMDAwMDAwMCwidXBkYXRlIjoxODAwMDAwMDAwMDAwfSwic2NoZW1hX3ZlcnNpb24iOiIxIn0=",
          "dependencies": [
            "azurerm_resource_group.rg",
            "module.redis.azurerm_redis_cache.redis",
            "module.redis.azurerm_storage_account.redis_storage",
            "module.redis.data.azurecaf_name.data_storage",
            "module.redis.data.azurecaf_name.redis",
            "module.redis.data.azurecaf_name.redis_fw_rule"
          ]
        }
      ]
    },
    {
      "module": "module.redis",
      "mode": "managed",
      "type": "azurerm_storage_account",
      "name": "redis_storage",
      "provider": "provider[\"registry.terraform.io/hashicorp/azurerm\"]",
      "instances": []
    }
  ],
  "check_results": [
    {
      "object_kind": "var",
      "config_addr": "module.redis.var.allowed_cidrs",
      "status": "pass",
      "objects": [
        {
          "object_addr": "module.redis.var.allowed_cidrs",
          "status": "pass"
        }
      ]
    }
  ]
}
